Microsoft Visual Studio Solution File, Format Version 7.00
Project("{8BC9CEB8-8B4A-11D0-8D11-00A0C91BC942}") = "test1", "test1.vcproj", "{8EC07208-720A-4CB9-9075-415960837F90}"
EndProject
Project("{8BC9CEB8-8B4A-11D0-8D11-00A0C91BC942}") = "test2", "test2.vcproj", "{9E730E1C-5DEC-44DD-B216-B619CBFC8404}"
EndProject
Global
	GlobalSection(SolutionConfiguration) = preSolution
		ConfigName.0 = 16bit
		ConfigName.1 = 32bit
		ConfigName.2 = 8bit
		ConfigName.3 = Debug
	EndGlobalSection
	GlobalSection(ProjectDependencies) = postSolution
	EndGlobalSection
	GlobalSection(ProjectConfiguration) = postSolution
		{8EC07208-720A-4CB9-9075-415960837F90}.16bit.ActiveCfg = 16bit|Win32
		{8EC07208-720A-4CB9-9075-415960837F90}.16bit.Build.0 = 16bit|Win32
		{8EC07208-720A-4CB9-9075-415960837F90}.32bit.ActiveCfg = 32bit|Win32
		{8EC07208-720A-4CB9-9075-415960837F90}.32bit.Build.0 = 32bit|Win32
		{8EC07208-720A-4CB9-9075-415960837F90}.8bit.ActiveCfg = 8bit|Win32
		{8EC07208-720A-4CB9-9075-415960837F90}.8bit.Build.0 = 8bit|Win32
		{8EC07208-720A-4CB9-9075-415960837F90}.Debug.ActiveCfg = Debug|Win32
		{8EC07208-720A-4CB9-9075-415960837F90}.Debug.Build.0 = Debug|Win32
		{9E730E1C-5DEC-44DD-B216-B619CBFC8404}.16bit.ActiveCfg = 16bit|Win32
		{9E730E1C-5DEC-44DD-B216-B619CBFC8404}.16bit.Build.0 = 16bit|Win32
		{9E730E1C-5DEC-44DD-B216-B619CBFC8404}.32bit.ActiveCfg = 32bit|Win32
		{9E730E1C-5DEC-44DD-B216-B619CBFC8404}.32bit.Build.0 = 32bit|Win32
		{9E730E1C-5DEC-44DD-B216-B619CBFC8404}.8bit.ActiveCfg = 8bit|Win32
		{9E730E1C-5DEC-44DD-B216-B619CBFC8404}.8bit.Build.0 = 8bit|Win32
		{9E730E1C-5DEC-44DD-B216-B619CBFC8404}.Debug.ActiveCfg = Debug|Win32
		{9E730E1C-5DEC-44DD-B216-B619CBFC8404}.Debug.Build.0 = Debug|Win32
	EndGlobalSection
	GlobalSection(ExtensibilityGlobals) = postSolution
	EndGlobalSection
	GlobalSection(ExtensibilityAddIns) = postSolution
	EndGlobalSection
EndGlobal
